{
  "version": 4,
  "terraform_version": "0.13.0",
  "serial": 15,
  "lineage": "5a0e4a2a-a009-8cd4-c2d7-28159b56e544",
  "outputs": {
    "address": {
      "value": "18.188.61.248",
      "type": "string"
    }
  },
  "resources": [
    {
      "mode": "managed",
      "type": "aws_instance",
      "name": "test",
      "provider": "provider[\"registry.terraform.io/hashicorp/aws\"]",
      "instances": [
        {
          "schema_version": 1,
          "attributes": {
            "ami": "ami-0a54aef4ef3b5f881",
            "arn": "arn:aws:ec2:us-east-2:777354511442:instance/i-012a8c2737d640dbe",
            "associate_public_ip_address": true,
            "availability_zone": "us-east-2c",
            "cpu_core_count": 1,
            "cpu_threads_per_core": 1,
            "credit_specification": [
              {
                "cpu_credits": "standard"
              }
            ],
            "disable_api_termination": false,
            "ebs_block_device": [],
            "ebs_optimized": false,
            "ephemeral_block_device": [],
            "get_password_data": false,
            "hibernation": false,
            "host_id": null,
            "iam_instance_profile": "",
            "id": "i-012a8c2737d640dbe",
            "instance_initiated_shutdown_behavior": null,
            "instance_state": "running",
            "instance_type": "t2.micro",
            "ipv6_address_count": 0,
            "ipv6_addresses": [],
            "key_name": "",
            "metadata_options": [
              {
                "http_endpoint": "enabled",
                "http_put_response_hop_limit": 1,
                "http_tokens": "optional"
              }
            ],
            "monitoring": false,
            "network_interface": [],
            "outpost_arn": "",
            "password_data": "",
            "placement_group": "",
            "primary_network_interface_id": "eni-058b8de43aa69f5e7",
            "private_dns": "ip-172-31-35-162.us-east-2.compute.internal",
            "private_ip": "172.31.35.162",
            "public_dns": "ec2-18-188-61-248.us-east-2.compute.amazonaws.com",
            "public_ip": "18.188.61.248",
            "root_block_device": [
              {
                "delete_on_termination": true,
                "device_name": "/dev/sda1",
                "encrypted": false,
                "iops": 100,
                "kms_key_id": "",
                "volume_id": "vol-0448f5049d4a6ed10",
                "volume_size": 10,
                "volume_type": "gp2"
              }
            ],
            "secondary_private_ips": [],
            "security_groups": [
              "default"
            ],
            "source_dest_check": true,
            "subnet_id": "subnet-cef89082",
            "tags": {},
            "tenancy": "default",
            "timeouts": null,
            "user_data": null,
            "user_data_base64": null,
            "volume_tags": {},
            "vpc_security_group_ids": [
              "sg-30ebee4d"
            ]
          },
          "private": "eyJlMmJmYjczMC1lY2FhLTExZTYtOGY4OC0zNDM2M2JjN2M0YzAiOnsiY3JlYXRlIjo2MDAwMDAwMDAwMDAsImRlbGV0ZSI6MTIwMDAwMDAwMDAwMCwidXBkYXRlIjo2MDAwMDAwMDAwMDB9LCJzY2hlbWFfdmVyc2lvbiI6IjEifQ=="
        }
      ]
    },
    {
      "mode": "managed",
      "type": "aws_key_pair",
      "name": "sample",
      "provider": "provider[\"registry.terraform.io/hashicorp/aws\"]",
      "instances": [
        {
          "schema_version": 1,
          "attributes": {
            "arn": "arn:aws:ec2:us-east-2:777354511442:key-pair/sample",
            "fingerprint": "94:83:44:89:49:85:6f:a5:19:12:b3:b0:6a:d2:b4:f2",
            "id": "sample",
            "key_name": "sample",
            "key_name_prefix": null,
            "key_pair_id": "key-004e065a7386a8870",
            "public_key": "ssh-rsa AAAAB3NzaC1yc2EAAAADAQABAAABAQDAsZQtA9jmPxrTI04rVE72J+pja4IOVZGG1/FKFJexRsf9eP01Hb8PTF0R83tZzF6jIGjVPyL/VVAU4Ji4F1mRrxTLHkHjdhAbKaFUVB7m7GpKGqJVwEzYtuY17LnEzMbAy7gF6XRl0W9AeH5Q8BHiLJziX7jubSC7j29ZALkgiVYrpQmSeIWfHYwkuSVc7JULWZrUHsKTsDZkieomasgzzuStkY71UmKD7vttu+G/XWQKcopkXga8+1mG48t5hIqlRJGsdt6M7eg7F+GFHSDC5iSq7TqwwWyMdliMpzmWxdbkJxFbf/x6bmJPYGP/hC9jyi6AnUIx1d3iCfHFLNHB san@san-Dell-System-Inspiron-N411Z",
            "tags": null
          },
          "private": "eyJzY2hlbWFfdmVyc2lvbiI6IjEifQ=="
        }
      ]
    }
  ]
}
