{
  "version": 4,
  "terraform_version": "0.13.0",
  "serial": 2,
  "lineage": "9cf53437-69d0-fd15-28ab-a54cc9991ee1",
  "outputs": {},
  "resources": [
    {
      "mode": "managed",
      "type": "docker_container",
      "name": "redis",
      "provider": "provider[\"registry.terraform.io/terraform-providers/docker\"]",
      "instances": []
    },
    {
      "mode": "managed",
      "type": "docker_container",
      "name": "web",
      "provider": "provider[\"registry.terraform.io/terraform-providers/docker\"]",
      "instances": []
    },
    {
      "mode": "managed",
      "type": "docker_network",
      "name": "dev",
      "provider": "provider[\"registry.terraform.io/terraform-providers/docker\"]",
      "instances": [
        {
          "schema_version": 1,
          "attributes": {
            "attachable": false,
            "check_duplicate": null,
            "driver": "bridge",
            "id": "c55650cbd42bfde6acd6abdb54a91a32073504aed6d96c42cda5694f752d41fe",
            "ingress": false,
            "internal": false,
            "ipam_config": [
              {
                "aux_address": {},
                "gateway": "172.20.0.1",
                "ip_range": "",
                "subnet": "172.20.0.0/16"
              }
            ],
            "ipam_driver": "default",
            "ipv6": false,
            "labels": [],
            "name": "dev",
            "options": {},
            "scope": "local"
          },
          "private": "eyJzY2hlbWFfdmVyc2lvbiI6IjEifQ=="
        }
      ]
    }
  ]
}
