{
  "version": 4,
  "terraform_version": "0.13.0",
  "serial": 6,
  "lineage": "a48bdf9b-ce32-69ce-43cf-ba84b906626b",
  "outputs": {
    "client_certificate": {
      "value": "",
      "type": "string",
      "sensitive": true
    },
    "client_key": {
      "value": "",
      "type": "string",
      "sensitive": true
    },
    "cluster_ca_certificate": {
      "value": "LS0tLS1CRUdJTiBDRVJUSUZJQ0FURS0tLS0tCk1JSURLekNDQWhPZ0F3SUJBZ0lSQU5pRGp3ZmNuOWdVNmZ4L1ByYUd3R2N3RFFZSktvWklodmNOQVFFTEJRQXcKTHpFdE1Dc0dBMVVFQXhNa1lXWmlNekEwTVRFdFltSmlaUzAwWVRCaUxUa3hNamd0T0RVMU1EQXlZV0pqWWpZMgpNQjRYRFRJd01USXdOREUzTWpJeU9Gb1hEVEkxTVRJd016RTRNakl5T0Zvd0x6RXRNQ3NHQTFVRUF4TWtZV1ppCk16QTBNVEV0WW1KaVpTMDBZVEJpTFRreE1qZ3RPRFUxTURBeVlXSmpZalkyTUlJQklqQU5CZ2txaGtpRzl3MEIKQVFFRkFBT0NBUThBTUlJQkNnS0NBUUVBK203VHZtSTYrajNpWkpkYzFISDViYlZHWkxoNG1jcVVrY3FPby9SVgozSkxGZzlEWTVHY0pVZTdmY2swbFRhNnd1WHRvNXQ2WndMNzNlOHJGK1ZrQVNZQ1ZwWEM5ZWsyUGtlSlBOeVZvClZ0V3dOeGJ2dEdEOHNkTk9JNnMvQVVCWXRuTUtaMWJsaTBYN05YS0ZNU3dmYS92TjJybC94dXZnWDBObWNBSmgKNUlvdEpOVWRXUGhUUmNWRldNeHlVUTR5VGpNem1ObGp3Q1ppQ2RjQ3kwYjlUaGhCV0I5OFFITUFHV08xU3U1ZAoxTEdDaWQ5VVRFR1pIeWNxM3ZVa0orV2tnYUNEMmVNZlJsSXcxWitva2xKTU82MitCOE5HWnB2dTlsUnRtcWR2CnZqWWtnZ2FKTW11M2Nmbjd4TEV1L0ttYWlYZ1J2TzBtRWVFNU1RVzlJRjFBTlFJREFRQUJvMEl3UURBT0JnTlYKSFE4QkFmOEVCQU1DQWdRd0R3WURWUjBUQVFIL0JBVXdBd0VCL3pBZEJnTlZIUTRFRmdRVUxzOEU1WXc1cGJndwpEUTNOYXVTVzBZemltNGt3RFFZSktvWklodmNOQVFFTEJRQURnZ0VCQURuL0lKUkFnU3hQLy9LbWpGYktCUERVCjNOTC9oNHZzQkJ5bE4xa3hWbWd2MnJoVmltZU9SU09OQzdjeFBmUmFzalorVko0TTY5NlNkeUEyaWNKR3NkTS8KOVYvVTMxVDFjdW95L3gzVnp0eVFacmYyWnlDY2dZM2RFYkRPWGJRZE9iaXphMTNIeUxYdUVKLzRtRU9KWDJvTgpSdDBoTFJmWGs0bDBRRWxmRHpvYWtHemZnaE9ESmRDbCtJQytGU2dpeE5aY1Azc1ZYQzVrUFZTRm0vSExiblpECm8vZDc1RXcrb2s0cTViREwzbEVtdVpMSTJwY1RQbUg3OFEvRnN3K2ZNMFk4S2Rxdi9BMURYREI5ampsSUNHQ00KRVVpT3ZPVXNnZDRlRDdSUmdPaVRFMDkzaTRGQTR5cGV5dUU3Zk1YYkNpdHo5b0hOblVtTTJ6V3MyWXY2Ny9vPQotLS0tLUVORCBDRVJUSUZJQ0FURS0tLS0tCg==",
      "type": "string",
      "sensitive": true
    },
    "host": {
      "value": "35.225.221.100",
      "type": "string",
      "sensitive": true
    }
  },
  "resources": [
    {
      "mode": "managed",
      "type": "google_container_cluster",
      "name": "guestbook",
      "provider": "provider[\"registry.terraform.io/hashicorp/google\"]",
      "instances": [
        {
          "schema_version": 1,
          "attributes": {
            "addons_config": [
              {
                "cloudrun_config": [],
                "horizontal_pod_autoscaling": [],
                "http_load_balancing": [],
                "network_policy_config": [
                  {
                    "disabled": true
                  }
                ]
              }
            ],
            "authenticator_groups_config": [],
            "cluster_autoscaling": [
              {
                "auto_provisioning_defaults": [],
                "enabled": false,
                "resource_limits": []
              }
            ],
            "cluster_ipv4_cidr": "10.36.0.0/14",
            "database_encryption": [
              {
                "key_name": "",
                "state": "DECRYPTED"
              }
            ],
            "default_max_pods_per_node": null,
            "description": "",
            "enable_binary_authorization": false,
            "enable_intranode_visibility": null,
            "enable_kubernetes_alpha": false,
            "enable_legacy_abac": false,
            "enable_shielded_nodes": false,
            "enable_tpu": null,
            "endpoint": "35.225.221.100",
            "id": "projects/compose-test-291802/locations/us-central1-a/clusters/sanch-kanban-board",
            "initial_node_count": 3,
            "instance_group_urls": [
              "https://www.googleapis.com/compute/v1/projects/compose-test-291802/zones/us-central1-a/instanceGroups/gke-sanch-kanban-board-default-pool-2f927a09-grp"
            ],
            "ip_allocation_policy": [],
            "label_fingerprint": "a9dc16a7",
            "location": "us-central1-a",
            "logging_service": "logging.googleapis.com/kubernetes",
            "maintenance_policy": [],
            "master_auth": [
              {
                "client_certificate": "",
                "client_certificate_config": [
                  {
                    "issue_client_certificate": false
                  }
                ],
                "client_key": "",
                "cluster_ca_certificate": "LS0tLS1CRUdJTiBDRVJUSUZJQ0FURS0tLS0tCk1JSURLekNDQWhPZ0F3SUJBZ0lSQU5pRGp3ZmNuOWdVNmZ4L1ByYUd3R2N3RFFZSktvWklodmNOQVFFTEJRQXcKTHpFdE1Dc0dBMVVFQXhNa1lXWmlNekEwTVRFdFltSmlaUzAwWVRCaUxUa3hNamd0T0RVMU1EQXlZV0pqWWpZMgpNQjRYRFRJd01USXdOREUzTWpJeU9Gb1hEVEkxTVRJd016RTRNakl5T0Zvd0x6RXRNQ3NHQTFVRUF4TWtZV1ppCk16QTBNVEV0WW1KaVpTMDBZVEJpTFRreE1qZ3RPRFUxTURBeVlXSmpZalkyTUlJQklqQU5CZ2txaGtpRzl3MEIKQVFFRkFBT0NBUThBTUlJQkNnS0NBUUVBK203VHZtSTYrajNpWkpkYzFISDViYlZHWkxoNG1jcVVrY3FPby9SVgozSkxGZzlEWTVHY0pVZTdmY2swbFRhNnd1WHRvNXQ2WndMNzNlOHJGK1ZrQVNZQ1ZwWEM5ZWsyUGtlSlBOeVZvClZ0V3dOeGJ2dEdEOHNkTk9JNnMvQVVCWXRuTUtaMWJsaTBYN05YS0ZNU3dmYS92TjJybC94dXZnWDBObWNBSmgKNUlvdEpOVWRXUGhUUmNWRldNeHlVUTR5VGpNem1ObGp3Q1ppQ2RjQ3kwYjlUaGhCV0I5OFFITUFHV08xU3U1ZAoxTEdDaWQ5VVRFR1pIeWNxM3ZVa0orV2tnYUNEMmVNZlJsSXcxWitva2xKTU82MitCOE5HWnB2dTlsUnRtcWR2CnZqWWtnZ2FKTW11M2Nmbjd4TEV1L0ttYWlYZ1J2TzBtRWVFNU1RVzlJRjFBTlFJREFRQUJvMEl3UURBT0JnTlYKSFE4QkFmOEVCQU1DQWdRd0R3WURWUjBUQVFIL0JBVXdBd0VCL3pBZEJnTlZIUTRFRmdRVUxzOEU1WXc1cGJndwpEUTNOYXVTVzBZemltNGt3RFFZSktvWklodmNOQVFFTEJRQURnZ0VCQURuL0lKUkFnU3hQLy9LbWpGYktCUERVCjNOTC9oNHZzQkJ5bE4xa3hWbWd2MnJoVmltZU9SU09OQzdjeFBmUmFzalorVko0TTY5NlNkeUEyaWNKR3NkTS8KOVYvVTMxVDFjdW95L3gzVnp0eVFacmYyWnlDY2dZM2RFYkRPWGJRZE9iaXphMTNIeUxYdUVKLzRtRU9KWDJvTgpSdDBoTFJmWGs0bDBRRWxmRHpvYWtHemZnaE9ESmRDbCtJQytGU2dpeE5aY1Azc1ZYQzVrUFZTRm0vSExiblpECm8vZDc1RXcrb2s0cTViREwzbEVtdVpMSTJwY1RQbUg3OFEvRnN3K2ZNMFk4S2Rxdi9BMURYREI5ampsSUNHQ00KRVVpT3ZPVXNnZDRlRDdSUmdPaVRFMDkzaTRGQTR5cGV5dUU3Zk1YYkNpdHo5b0hOblVtTTJ6V3MyWXY2Ny9vPQotLS0tLUVORCBDRVJUSUZJQ0FURS0tLS0tCg==",
                "password": "admin12345678910!",
                "username": "admin"
              }
            ],
            "master_authorized_networks_config": [],
            "master_version": "1.16.13-gke.401",
            "min_master_version": null,
            "monitoring_service": "monitoring.googleapis.com/kubernetes",
            "name": "sanch-kanban-board",
            "network": "projects/compose-test-291802/global/networks/default",
            "network_policy": [
              {
                "enabled": false,
                "provider": "PROVIDER_UNSPECIFIED"
              }
            ],
            "node_config": [
              {
                "disk_size_gb": 100,
                "disk_type": "pd-standard",
                "guest_accelerator": [],
                "image_type": "COS",
                "labels": {},
                "local_ssd_count": 0,
                "machine_type": "n1-standard-1",
                "metadata": {
                  "disable-legacy-endpoints": "true"
                },
                "min_cpu_platform": "",
                "oauth_scopes": [
                  "https://www.googleapis.com/auth/compute",
                  "https://www.googleapis.com/auth/devstorage.read_only",
                  "https://www.googleapis.com/auth/logging.write",
                  "https://www.googleapis.com/auth/monitoring",
                  "https://www.googleapis.com/auth/service.management.readonly",
                  "https://www.googleapis.com/auth/servicecontrol",
                  "https://www.googleapis.com/auth/trace.append"
                ],
                "preemptible": false,
                "service_account": "default",
                "shielded_instance_config": [
                  {
                    "enable_integrity_monitoring": true,
                    "enable_secure_boot": false
                  }
                ],
                "tags": null,
                "taint": [],
                "workload_metadata_config": []
              }
            ],
            "node_locations": [],
            "node_pool": [
              {
                "autoscaling": [],
                "initial_node_count": 3,
                "instance_group_urls": [
                  "https://www.googleapis.com/compute/v1/projects/compose-test-291802/zones/us-central1-a/instanceGroupManagers/gke-sanch-kanban-board-default-pool-2f927a09-grp"
                ],
                "management": [
                  {
                    "auto_repair": true,
                    "auto_upgrade": true
                  }
                ],
                "max_pods_per_node": 0,
                "name": "default-pool",
                "name_prefix": "",
                "node_config": [
                  {
                    "disk_size_gb": 100,
                    "disk_type": "pd-standard",
                    "guest_accelerator": [],
                    "image_type": "COS",
                    "labels": {},
                    "local_ssd_count": 0,
                    "machine_type": "n1-standard-1",
                    "metadata": {
                      "disable-legacy-endpoints": "true"
                    },
                    "min_cpu_platform": "",
                    "oauth_scopes": [
                      "https://www.googleapis.com/auth/compute",
                      "https://www.googleapis.com/auth/devstorage.read_only",
                      "https://www.googleapis.com/auth/logging.write",
                      "https://www.googleapis.com/auth/monitoring",
                      "https://www.googleapis.com/auth/service.management.readonly",
                      "https://www.googleapis.com/auth/servicecontrol",
                      "https://www.googleapis.com/auth/trace.append"
                    ],
                    "preemptible": false,
                    "service_account": "default",
                    "shielded_instance_config": [
                      {
                        "enable_integrity_monitoring": true,
                        "enable_secure_boot": false
                      }
                    ],
                    "tags": [],
                    "taint": [],
                    "workload_metadata_config": []
                  }
                ],
                "node_count": 3,
                "node_locations": [
                  "us-central1-a"
                ],
                "upgrade_settings": [
                  {
                    "max_surge": 1,
                    "max_unavailable": 0
                  }
                ],
                "version": "1.16.13-gke.401"
              }
            ],
            "node_version": "1.16.13-gke.401",
            "operation": null,
            "pod_security_policy_config": [],
            "private_cluster_config": [],
            "project": "compose-test-291802",
            "release_channel": [
              {
                "channel": "UNSPECIFIED"
              }
            ],
            "remove_default_node_pool": null,
            "resource_labels": null,
            "resource_usage_export_config": [],
            "self_link": "https://container.googleapis.com/v1beta1/projects/compose-test-291802/zones/us-central1-a/clusters/sanch-kanban-board",
            "services_ipv4_cidr": "10.39.240.0/20",
            "subnetwork": "projects/compose-test-291802/regions/us-central1/subnetworks/default",
            "timeouts": null,
            "vertical_pod_autoscaling": [],
            "workload_identity_config": []
          },
          "private": "eyJlMmJmYjczMC1lY2FhLTExZTYtOGY4OC0zNDM2M2JjN2M0YzAiOnsiY3JlYXRlIjoyNDAwMDAwMDAwMDAwLCJkZWxldGUiOjI0MDAwMDAwMDAwMDAsInJlYWQiOjI0MDAwMDAwMDAwMDAsInVwZGF0ZSI6MzYwMDAwMDAwMDAwMH0sInNjaGVtYV92ZXJzaW9uIjoiMSJ9"
        }
      ]
    }
  ]
}
